
Microsoft Visual Studio Solution File, Format Version 12.00
# Visual Studio Version 16
VisualStudioVersion = 16.0.30204.135
MinimumVisualStudioVersion = 10.0.40219.1
Project("{FAE04EC0-301F-11D3-BF4B-00C04F79EFBC}") = "TestSystem", "TestSystem\TestSystem.csproj", "{0A95BAF3-FF17-4637-BAB0-38E63DBD434E}"
EndProject
Global
	GlobalSection(SolutionConfigurationPlatforms) = preSolution
		Debug|Any CPU = Debug|Any CPU
		Release|Any CPU = Release|Any CPU
	EndGlobalSection
	GlobalSection(ProjectConfigurationPlatforms) = postSolution
		{0A95BAF3-FF17-4637-BAB0-38E63DBD434E}.Debug|Any CPU.ActiveCfg = Debug|Any CPU
		{0A95BAF3-FF17-4637-BAB0-38E63DBD434E}.Debug|Any CPU.Build.0 = Debug|Any CPU
		{0A95BAF3-FF17-4637-BAB0-38E63DBD434E}.Release|Any CPU.ActiveCfg = Release|Any CPU
		{0A95BAF3-FF17-4637-BAB0-38E63DBD434E}.Release|Any CPU.Build.0 = Release|Any CPU
	EndGlobalSection
	GlobalSection(SolutionProperties) = preSolution
		HideSolutionNode = FALSE
	EndGlobalSection
	GlobalSection(ExtensibilityGlobals) = postSolution
		SolutionGuid = {1D838C0A-FBB3-4DB5-8893-22E4BD4D114E}
	EndGlobalSection
EndGlobal
